
Microsoft Visual Studio Solution File, Format Version 12.00
# Visual Studio Version 17
VisualStudioVersion = 17.7.34202.233
MinimumVisualStudioVersion = 10.0.40219.1
Project("{9A19103F-16F7-4668-BE54-9A1E7A4F7556}") = "01-provision-vm", "01-provision-vm\01-provision-vm.csproj", "{568D1EEE-95B9-4997-A94C-ED830CE80552}"
EndProject
Project("{9A19103F-16F7-4668-BE54-9A1E7A4F7556}") = "02-configure-vm-remote-acess", "02-configure-vm-remote-acess\02-configure-vm-remote-acess.csproj", "{FE1C8E89-47DC-4B94-9212-ECAF5782FFB2}"
EndProject
Global
	GlobalSection(SolutionConfigurationPlatforms) = preSolution
		Debug|Any CPU = Debug|Any CPU
		Release|Any CPU = Release|Any CPU
	EndGlobalSection
	GlobalSection(ProjectConfigurationPlatforms) = postSolution
		{568D1EEE-95B9-4997-A94C-ED830CE80552}.Debug|Any CPU.ActiveCfg = Debug|Any CPU
		{568D1EEE-95B9-4997-A94C-ED830CE80552}.Debug|Any CPU.Build.0 = Debug|Any CPU
		{568D1EEE-95B9-4997-A94C-ED830CE80552}.Release|Any CPU.ActiveCfg = Release|Any CPU
		{568D1EEE-95B9-4997-A94C-ED830CE80552}.Release|Any CPU.Build.0 = Release|Any CPU
		{FE1C8E89-47DC-4B94-9212-ECAF5782FFB2}.Debug|Any CPU.ActiveCfg = Debug|Any CPU
		{FE1C8E89-47DC-4B94-9212-ECAF5782FFB2}.Debug|Any CPU.Build.0 = Debug|Any CPU
		{FE1C8E89-47DC-4B94-9212-ECAF5782FFB2}.Release|Any CPU.ActiveCfg = Release|Any CPU
		{FE1C8E89-47DC-4B94-9212-ECAF5782FFB2}.Release|Any CPU.Build.0 = Release|Any CPU
	EndGlobalSection
	GlobalSection(SolutionProperties) = preSolution
		HideSolutionNode = FALSE
	EndGlobalSection
	GlobalSection(ExtensibilityGlobals) = postSolution
		SolutionGuid = {5760A9FB-F441-4429-A98C-1ED87D456B48}
	EndGlobalSection
EndGlobal
